// !$*UTF8*$!
{
	archiveVersion = 1;
	classes = {
	};
	objectVersion = 50;
	objects = {

/* Begin PBXBuildFile section */
		78AFDEA8D3D8B023CE72C296 /* Pods_TulingRobot.framework in Frameworks */ = {isa = PBXBuildFile; fileRef = D3E5AB15599934ADB27B2D75 /* Pods_TulingRobot.framework */; };
		CCC94C0220E0A3C6001D1920 /* NewsCell.swift in Sources */ = {isa = PBXBuildFile; fileRef = CCC94C0020E0A3C6001D1920 /* NewsCell.swift */; };
		CCC94C0320E0A3C6001D1920 /* NewsCell.xib in Resources */ = {isa = PBXBuildFile; fileRef = CCC94C0120E0A3C6001D1920 /* NewsCell.xib */; };
		CCC94C0620E0AB36001D1920 /* WebViewController.swift in Sources */ = {isa = PBXBuildFile; fileRef = CCC94C0520E0AB36001D1920 /* WebViewController.swift */; };
		CCD5882E20DF74C30041E972 /* AppDelegate.swift in Sources */ = {isa = PBXBuildFile; fileRef = CCD5882D20DF74C30041E972 /* AppDelegate.swift */; };
		CCD5883520DF74C30041E972 /* Main.storyboard in Resources */ = {isa = PBXBuildFile; fileRef = CCD5883320DF74C30041E972 /* Main.storyboard */; };
		CCD5883720DF74C60041E972 /* Assets.xcassets in Resources */ = {isa = PBXBuildFile; fileRef = CCD5883620DF74C60041E972 /* Assets.xcassets */; };
		CCD5883A20DF74C60041E972 /* LaunchScreen.storyboard in Resources */ = {isa = PBXBuildFile; fileRef = CCD5883820DF74C60041E972 /* LaunchScreen.storyboard */; };
		CCD5884320DF752A0041E972 /* ChatController.swift in Sources */ = {isa = PBXBuildFile; fileRef = CCD5884220DF752A0041E972 /* ChatController.swift */; };
		CCD5884620DF754D0041E972 /* NewsListController.swift in Sources */ = {isa = PBXBuildFile; fileRef = CCD5884520DF754D0041E972 /* NewsListController.swift */; };
		CCD5884920DF78780041E972 /* MessageModel.swift in Sources */ = {isa = PBXBuildFile; fileRef = CCD5884820DF78780041E972 /* MessageModel.swift */; };
		CCD5884B20DF7BBD0041E972 /* APIManager.swift in Sources */ = {isa = PBXBuildFile; fileRef = CCD5884A20DF7BBD0041E972 /* APIManager.swift */; };
		CCD5885020DF9E3A0041E972 /* MessageCell.swift in Sources */ = {isa = PBXBuildFile; fileRef = CCD5884E20DF9E3A0041E972 /* MessageCell.swift */; };
		CCD5885120DF9E3A0041E972 /* MessageCell.xib in Resources */ = {isa = PBXBuildFile; fileRef = CCD5884F20DF9E3A0041E972 /* MessageCell.xib */; };
		CCD5885320DFAF6C0041E972 /* NewsModel.swift in Sources */ = {isa = PBXBuildFile; fileRef = CCD5885220DFAF6C0041E972 /* NewsModel.swift */; };
/* End PBXBuildFile section */

/* Begin PBXFileReference section */
		37DFD3DCBA59E73A79353060 /* Pods-TulingRobot.release.xcconfig */ = {isa = PBXFileReference; includeInIndex = 1; lastKnownFileType = text.xcconfig; name = "Pods-TulingRobot.release.xcconfig"; path = "Pods/Target Support Files/Pods-TulingRobot/Pods-TulingRobot.release.xcconfig"; sourceTree = "<group>"; };
		5714C092CAF59D77D8A4871F /* Pods-TulingRobot.debug.xcconfig */ = {isa = PBXFileReference; includeInIndex = 1; lastKnownFileType = text.xcconfig; name = "Pods-TulingRobot.debug.xcconfig"; path = "Pods/Target Support Files/Pods-TulingRobot/Pods-TulingRobot.debug.xcconfig"; sourceTree = "<group>"; };
		CCC94C0020E0A3C6001D1920 /* NewsCell.swift */ = {isa = PBXFileReference; lastKnownFileType = sourcecode.swift; path = NewsCell.swift; sourceTree = "<group>"; };
		CCC94C0120E0A3C6001D1920 /* NewsCell.xib */ = {isa = PBXFileReference; lastKnownFileType = file.xib; path = NewsCell.xib; sourceTree = "<group>"; };
		CCC94C0520E0AB36001D1920 /* WebViewController.swift */ = {isa = PBXFileReference; lastKnownFileType = sourcecode.swift; path = WebViewController.swift; sourceTree = "<group>"; };
		CCD5882A20DF74C30041E972 /* TulingRobot.app */ = {isa = PBXFileReference; explicitFileType = wrapper.application; includeInIndex = 0; path = TulingRobot.app; sourceTree = BUILT_PRODUCTS_DIR; };
		CCD5882D20DF74C30041E972 /* AppDelegate.swift */ = {isa = PBXFileReference; lastKnownFileType = sourcecode.swift; path = AppDelegate.swift; sourceTree = "<group>"; };
		CCD5883420DF74C30041E972 /* Base */ = {isa = PBXFileReference; lastKnownFileType = file.storyboard; name = Base; path = Base.lproj/Main.storyboard; sourceTree = "<group>"; };
		CCD5883620DF74C60041E972 /* Assets.xcassets */ = {isa = PBXFileReference; lastKnownFileType = folder.assetcatalog; path = Assets.xcassets; sourceTree = "<group>"; };
		CCD5883920DF74C60041E972 /* Base */ = {isa = PBXFileReference; lastKnownFileType = file.storyboard; name = Base; path = Base.lproj/LaunchScreen.storyboard; sourceTree = "<group>"; };
		CCD5883B20DF74C60041E972 /* Info.plist */ = {isa = PBXFileReference; lastKnownFileType = text.plist.xml; path = Info.plist; sourceTree = "<group>"; };
		CCD5884220DF752A0041E972 /* ChatController.swift */ = {isa = PBXFileReference; lastKnownFileType = sourcecode.swift; path = ChatController.swift; sourceTree = "<group>"; };
		CCD5884520DF754D0041E972 /* NewsListController.swift */ = {isa = PBXFileReference; lastKnownFileType = sourcecode.swift; path = NewsListController.swift; sourceTree = "<group>"; };
		CCD5884820DF78780041E972 /* MessageModel.swift */ = {isa = PBXFileReference; lastKnownFileType = sourcecode.swift; path = MessageModel.swift; sourceTree = "<group>"; };
		CCD5884A20DF7BBD0041E972 /* APIManager.swift */ = {isa = PBXFileReference; lastKnownFileType = sourcecode.swift; path = APIManager.swift; sourceTree = "<group>"; };
		CCD5884E20DF9E3A0041E972 /* MessageCell.swift */ = {isa = PBXFileReference; lastKnownFileType = sourcecode.swift; path = MessageCell.swift; sourceTree = "<group>"; };
		CCD5884F20DF9E3A0041E972 /* MessageCell.xib */ = {isa = PBXFileReference; lastKnownFileType = file.xib; path = MessageCell.xib; sourceTree = "<group>"; };
		CCD5885220DFAF6C0041E972 /* NewsModel.swift */ = {isa = PBXFileReference; lastKnownFileType = sourcecode.swift; path = NewsModel.swift; sourceTree = "<group>"; };
		D3E5AB15599934ADB27B2D75 /* Pods_TulingRobot.framework */ = {isa = PBXFileReference; explicitFileType = wrapper.framework; includeInIndex = 0; path = Pods_TulingRobot.framework; sourceTree = BUILT_PRODUCTS_DIR; };
/* End PBXFileReference section */

/* Begin PBXFrameworksBuildPhase section */
		CCD5882720DF74C30041E972 /* Frameworks */ = {
			isa = PBXFrameworksBuildPhase;
			buildActionMask = 2147483647;
			files = (
				78AFDEA8D3D8B023CE72C296 /* Pods_TulingRobot.framework in Frameworks */,
			);
			runOnlyForDeploymentPostprocessing = 0;
		};
/* End PBXFrameworksBuildPhase section */

/* Begin PBXGroup section */
		21AD8808A30B760DB7BD2016 /* Pods */ = {
			isa = PBXGroup;
			children = (
				5714C092CAF59D77D8A4871F /* Pods-TulingRobot.debug.xcconfig */,
				37DFD3DCBA59E73A79353060 /* Pods-TulingRobot.release.xcconfig */,
			);
			name = Pods;
			sourceTree = "<group>";
		};
		8E404E71CCF03A8D4C847ADD /* Frameworks */ = {
			isa = PBXGroup;
			children = (
				D3E5AB15599934ADB27B2D75 /* Pods_TulingRobot.framework */,
			);
			name = Frameworks;
			sourceTree = "<group>";
		};
		CCD5882120DF74C30041E972 = {
			isa = PBXGroup;
			children = (
				CCD5882C20DF74C30041E972 /* TulingRobot */,
				CCD5882B20DF74C30041E972 /* Products */,
				21AD8808A30B760DB7BD2016 /* Pods */,
				8E404E71CCF03A8D4C847ADD /* Frameworks */,
			);
			sourceTree = "<group>";
		};
		CCD5882B20DF74C30041E972 /* Products */ = {
			isa = PBXGroup;
			children = (
				CCD5882A20DF74C30041E972 /* TulingRobot.app */,
			);
			name = Products;
			sourceTree = "<group>";
		};
		CCD5882C20DF74C30041E972 /* TulingRobot */ = {
			isa = PBXGroup;
			children = (
				CCD5884D20DF9E240041E972 /* View */,
				CCD5884720DF75D40041E972 /* Model */,
				CCD5884420DF75350041E972 /* Controllers */,
				CCD5883320DF74C30041E972 /* Main.storyboard */,
				CCD5883B20DF74C60041E972 /* Info.plist */,
				CCD5884120DF74D40041E972 /* SupportFiels */,
			);
			path = TulingRobot;
			sourceTree = "<group>";
		};
		CCD5884120DF74D40041E972 /* SupportFiels */ = {
			isa = PBXGroup;
			children = (
				CCD5882D20DF74C30041E972 /* AppDelegate.swift */,
				CCD5883620DF74C60041E972 /* Assets.xcassets */,
				CCD5883820DF74C60041E972 /* LaunchScreen.storyboard */,
			);
			path = SupportFiels;
			sourceTree = "<group>";
		};
		CCD5884420DF75350041E972 /* Controllers */ = {
			isa = PBXGroup;
			children = (
				CCD5884220DF752A0041E972 /* ChatController.swift */,
				CCD5884520DF754D0041E972 /* NewsListController.swift */,
				CCC94C0520E0AB36001D1920 /* WebViewController.swift */,
			);
			path = Controllers;
			sourceTree = "<group>";
		};
		CCD5884720DF75D40041E972 /* Model */ = {
			isa = PBXGroup;
			children = (
				CCD5884820DF78780041E972 /* MessageModel.swift */,
				CCD5884A20DF7BBD0041E972 /* APIManager.swift */,
				CCD5885220DFAF6C0041E972 /* NewsModel.swift */,
			);
			path = Model;
			sourceTree = "<group>";
		};
		CCD5884D20DF9E240041E972 /* View */ = {
			isa = PBXGroup;
			children = (
				CCD5884E20DF9E3A0041E972 /* MessageCell.swift */,
				CCD5884F20DF9E3A0041E972 /* MessageCell.xib */,
				CCC94C0020E0A3C6001D1920 /* NewsCell.swift */,
				CCC94C0120E0A3C6001D1920 /* NewsCell.xib */,
			);
			path = View;
			sourceTree = "<group>";
		};
/* End PBXGroup section */

/* Begin PBXNativeTarget section */
		CCD5882920DF74C30041E972 /* TulingRobot */ = {
			isa = PBXNativeTarget;
			buildConfigurationList = CCD5883E20DF74C60041E972 /* Build configuration list for PBXNativeTarget "TulingRobot" */;
			buildPhases = (
				AB8F88A360065619C97F7E51 /* [CP] Check Pods Manifest.lock */,
				CCD5882620DF74C30041E972 /* Sources */,
				CCD5882720DF74C30041E972 /* Frameworks */,
				CCD5882820DF74C30041E972 /* Resources */,
				E483D40C8D58BFF93B5C3E26 /* [CP] Embed Pods Frameworks */,
			);
			buildRules = (
			);
			dependencies = (
			);
			name = TulingRobot;
			productName = TulingRobot;
			productReference = CCD5882A20DF74C30041E972 /* TulingRobot.app */;
			productType = "com.apple.product-type.application";
		};
/* End PBXNativeTarget section */

/* Begin PBXProject section */
		CCD5882220DF74C30041E972 /* Project object */ = {
			isa = PBXProject;
			attributes = {
				LastSwiftUpdateCheck = 0940;
				LastUpgradeCheck = 0940;
				ORGANIZATIONNAME = demo;
				TargetAttributes = {
					CCD5882920DF74C30041E972 = {
						CreatedOnToolsVersion = 9.4;
					};
				};
			};
			buildConfigurationList = CCD5882520DF74C30041E972 /* Build configuration list for PBXProject "TulingRobot" */;
			compatibilityVersion = "Xcode 9.3";
			developmentRegion = en;
			hasScannedForEncodings = 0;
			knownRegions = (
				en,
				Base,
			);
			mainGroup = CCD5882120DF74C30041E972;
			productRefGroup = CCD5882B20DF74C30041E972 /* Products */;
			projectDirPath = "";
			projectRoot = "";
			targets = (
				CCD5882920DF74C30041E972 /* TulingRobot */,
			);
		};
/* End PBXProject section */

/* Begin PBXResourcesBuildPhase section */
		CCD5882820DF74C30041E972 /* Resources */ = {
			isa = PBXResourcesBuildPhase;
			buildActionMask = 2147483647;
			files = (
				CCD5883A20DF74C60041E972 /* LaunchScreen.storyboard in Resources */,
				CCD5885120DF9E3A0041E972 /* MessageCell.xib in Resources */,
				CCC94C0320E0A3C6001D1920 /* NewsCell.xib in Resources */,
				CCD5883720DF74C60041E972 /* Assets.xcassets in Resources */,
				CCD5883520DF74C30041E972 /* Main.storyboard in Resources */,
			);
			runOnlyForDeploymentPostprocessing = 0;
		};
/* End PBXResourcesBuildPhase section */

/* Begin PBXShellScriptBuildPhase section */
		AB8F88A360065619C97F7E51 /* [CP] Check Pods Manifest.lock */ = {
			isa = PBXShellScriptBuildPhase;
			buildActionMask = 2147483647;
			files = (
			);
			inputPaths = (
				"${PODS_PODFILE_DIR_PATH}/Podfile.lock",
				"${PODS_ROOT}/Manifest.lock",
			);
			name = "[CP] Check Pods Manifest.lock";
			outputPaths = (
				"$(DERIVED_FILE_DIR)/Pods-TulingRobot-checkManifestLockResult.txt",
			);
			runOnlyForDeploymentPostprocessing = 0;
			shellPath = /bin/sh;
			shellScript = "diff \"${PODS_PODFILE_DIR_PATH}/Podfile.lock\" \"${PODS_ROOT}/Manifest.lock\" > /dev/null\nif [ $? != 0 ] ; then\n    # print error to STDERR\n    echo \"error: The sandbox is not in sync with the Podfile.lock. Run 'pod install' or update your CocoaPods installation.\" >&2\n    exit 1\nfi\n# This output is used by Xcode 'outputs' to avoid re-running this script phase.\necho \"SUCCESS\" > \"${SCRIPT_OUTPUT_FILE_0}\"\n";
			showEnvVarsInLog = 0;
		};
		E483D40C8D58BFF93B5C3E26 /* [CP] Embed Pods Frameworks */ = {
			isa = PBXShellScriptBuildPhase;
			buildActionMask = 2147483647;
			files = (
			);
			inputPaths = (
				"${SRCROOT}/Pods/Target Support Files/Pods-TulingRobot/Pods-TulingRobot-frameworks.sh",
				"${BUILT_PRODUCTS_DIR}/Alamofire/Alamofire.framework",
				"${BUILT_PRODUCTS_DIR}/HandyJSON/HandyJSON.framework",
				"${BUILT_PRODUCTS_DIR}/IQKeyboardManagerSwift/IQKeyboardManagerSwift.framework",
				"${BUILT_PRODUCTS_DIR}/ImagePicker/ImagePicker.framework",
				"${BUILT_PRODUCTS_DIR}/MJRefresh/MJRefresh.framework",
				"${BUILT_PRODUCTS_DIR}/SDWebImage/SDWebImage.framework",
				"${BUILT_PRODUCTS_DIR}/SVProgressHUD/SVProgressHUD.framework",
				"${BUILT_PRODUCTS_DIR}/SnapKit/SnapKit.framework",
				"${BUILT_PRODUCTS_DIR}/SwiftyJSON/SwiftyJSON.framework",
			);
			name = "[CP] Embed Pods Frameworks";
			outputPaths = (
				"${TARGET_BUILD_DIR}/${FRAMEWORKS_FOLDER_PATH}/Alamofire.framework",
				"${TARGET_BUILD_DIR}/${FRAMEWORKS_FOLDER_PATH}/HandyJSON.framework",
				"${TARGET_BUILD_DIR}/${FRAMEWORKS_FOLDER_PATH}/IQKeyboardManagerSwift.framework",
				"${TARGET_BUILD_DIR}/${FRAMEWORKS_FOLDER_PATH}/ImagePicker.framework",
				"${TARGET_BUILD_DIR}/${FRAMEWORKS_FOLDER_PATH}/MJRefresh.framework",
				"${TARGET_BUILD_DIR}/${FRAMEWORKS_FOLDER_PATH}/SDWebImage.framework",
				"${TARGET_BUILD_DIR}/${FRAMEWORKS_FOLDER_PATH}/SVProgressHUD.framework",
				"${TARGET_BUILD_DIR}/${FRAMEWORKS_FOLDER_PATH}/SnapKit.framework",
				"${TARGET_BUILD_DIR}/${FRAMEWORKS_FOLDER_PATH}/SwiftyJSON.framework",
			);
			runOnlyForDeploymentPostprocessing = 0;
			shellPath = /bin/sh;
			shellScript = "\"${SRCROOT}/Pods/Target Support Files/Pods-TulingRobot/Pods-TulingRobot-frameworks.sh\"\n";
			showEnvVarsInLog = 0;
		};
/* End PBXShellScriptBuildPhase section */

/* Begin PBXSourcesBuildPhase section */
		CCD5882620DF74C30041E972 /* Sources */ = {
			isa = PBXSourcesBuildPhase;
			buildActionMask = 2147483647;
			files = (
				CCD5885320DFAF6C0041E972 /* NewsModel.swift in Sources */,
				CCC94C0620E0AB36001D1920 /* WebViewController.swift in Sources */,
				CCD5884620DF754D0041E972 /* NewsListController.swift in Sources */,
				CCD5882E20DF74C30041E972 /* AppDelegate.swift in Sources */,
				CCD5884B20DF7BBD0041E972 /* APIManager.swift in Sources */,
				CCD5884320DF752A0041E972 /* ChatController.swift in Sources */,
				CCD5884920DF78780041E972 /* MessageModel.swift in Sources */,
				CCC94C0220E0A3C6001D1920 /* NewsCell.swift in Sources */,
				CCD5885020DF9E3A0041E972 /* MessageCell.swift in Sources */,
			);
			runOnlyForDeploymentPostprocessing = 0;
		};
/* End PBXSourcesBuildPhase section */

/* Begin PBXVariantGroup section */
		CCD5883320DF74C30041E972 /* Main.storyboard */ = {
			isa = PBXVariantGroup;
			children = (
				CCD5883420DF74C30041E972 /* Base */,
			);
			name = Main.storyboard;
			sourceTree = "<group>";
		};
		CCD5883820DF74C60041E972 /* LaunchScreen.storyboard */ = {
			isa = PBXVariantGroup;
			children = (
				CCD5883920DF74C60041E972 /* Base */,
			);
			name = LaunchScreen.storyboard;
			sourceTree = "<group>";
		};
/* End PBXVariantGroup section */

/* Begin XCBuildConfiguration section */
		CCD5883C20DF74C60041E972 /* Debug */ = {
			isa = XCBuildConfiguration;
			buildSettings = {
				ALWAYS_SEARCH_USER_PATHS = NO;
				CLANG_ANALYZER_NONNULL = YES;
				CLANG_ANALYZER_NUMBER_OBJECT_CONVERSION = YES_AGGRESSIVE;
				CLANG_CXX_LANGUAGE_STANDARD = "gnu++14";
				CLANG_CXX_LIBRARY = "libc++";
				CLANG_ENABLE_MODULES = YES;
				CLANG_ENABLE_OBJC_ARC = YES;
				CLANG_ENABLE_OBJC_WEAK = YES;
				CLANG_WARN_BLOCK_CAPTURE_AUTORELEASING = YES;
				CLANG_WARN_BOOL_CONVERSION = YES;
				CLANG_WARN_COMMA = YES;
				CLANG_WARN_CONSTANT_CONVERSION = YES;
				CLANG_WARN_DEPRECATED_OBJC_IMPLEMENTATIONS = YES;
				CLANG_WARN_DIRECT_OBJC_ISA_USAGE = YES_ERROR;
				CLANG_WARN_DOCUMENTATION_COMMENTS = YES;
				CLANG_WARN_EMPTY_BODY = YES;
				CLANG_WARN_ENUM_CONVERSION = YES;
				CLANG_WARN_INFINITE_RECURSION = YES;
				CLANG_WARN_INT_CONVERSION = YES;
				CLANG_WARN_NON_LITERAL_NULL_CONVERSION = YES;
				CLANG_WARN_OBJC_IMPLICIT_RETAIN_SELF = YES;
				CLANG_WARN_OBJC_LITERAL_CONVERSION = YES;
				CLANG_WARN_OBJC_ROOT_CLASS = YES_ERROR;
				CLANG_WARN_RANGE_LOOP_ANALYSIS = YES;
				CLANG_WARN_STRICT_PROTOTYPES = YES;
				CLANG_WARN_SUSPICIOUS_MOVE = YES;
				CLANG_WARN_UNGUARDED_AVAILABILITY = YES_AGGRESSIVE;
				CLANG_WARN_UNREACHABLE_CODE = YES;
				CLANG_WARN__DUPLICATE_METHOD_MATCH = YES;
				CODE_SIGN_IDENTITY = "iPhone Developer";
				COPY_PHASE_STRIP = NO;
				DEBUG_INFORMATION_FORMAT = dwarf;
				ENABLE_STRICT_OBJC_MSGSEND = YES;
				ENABLE_TESTABILITY = YES;
				GCC_C_LANGUAGE_STANDARD = gnu11;
				GCC_DYNAMIC_NO_PIC = NO;
				GCC_NO_COMMON_BLOCKS = YES;
				GCC_OPTIMIZATION_LEVEL = 0;
				GCC_PREPROCESSOR_DEFINITIONS = (
					"DEBUG=1",
					"$(inherited)",
				);
				GCC_WARN_64_TO_32_BIT_CONVERSION = YES;
				GCC_WARN_ABOUT_RETURN_TYPE = YES_ERROR;
				GCC_WARN_UNDECLARED_SELECTOR = YES;
				GCC_WARN_UNINITIALIZED_AUTOS = YES_AGGRESSIVE;
				GCC_WARN_UNUSED_FUNCTION = YES;
				GCC_WARN_UNUSED_VARIABLE = YES;
				IPHONEOS_DEPLOYMENT_TARGET = 11.4;
				MTL_ENABLE_DEBUG_INFO = YES;
				ONLY_ACTIVE_ARCH = YES;
				SDKROOT = iphoneos;
				SWIFT_ACTIVE_COMPILATION_CONDITIONS = DEBUG;
				SWIFT_OPTIMIZATION_LEVEL = "-Onone";
			};
			name = Debug;
		};
		CCD5883D20DF74C60041E972 /* Release */ = {
			isa = XCBuildConfiguration;
			buildSettings = {
				ALWAYS_SEARCH_USER_PATHS = NO;
				CLANG_ANALYZER_NONNULL = YES;
				CLANG_ANALYZER_NUMBER_OBJECT_CONVERSION = YES_AGGRESSIVE;
				CLANG_CXX_LANGUAGE_STANDARD = "gnu++14";
				CLANG_CXX_LIBRARY = "libc++";
				CLANG_ENABLE_MODULES = YES;
				CLANG_ENABLE_OBJC_ARC = YES;
				CLANG_ENABLE_OBJC_WEAK = YES;
				CLANG_WARN_BLOCK_CAPTURE_AUTORELEASING = YES;
				CLANG_WARN_BOOL_CONVERSION = YES;
				CLANG_WARN_COMMA = YES;
				CLANG_WARN_CONSTANT_CONVERSION = YES;
				CLANG_WARN_DEPRECATED_OBJC_IMPLEMENTATIONS = YES;
				CLANG_WARN_DIRECT_OBJC_ISA_USAGE = YES_ERROR;
				CLANG_WARN_DOCUMENTATION_COMMENTS = YES;
				CLANG_WARN_EMPTY_BODY = YES;
				CLANG_WARN_ENUM_CONVERSION = YES;
				CLANG_WARN_INFINITE_RECURSION = YES;
				CLANG_WARN_INT_CONVERSION = YES;
				CLANG_WARN_NON_LITERAL_NULL_CONVERSION = YES;
				CLANG_WARN_OBJC_IMPLICIT_RETAIN_SELF = YES;
				CLANG_WARN_OBJC_LITERAL_CONVERSION = YES;
				CLANG_WARN_OBJC_ROOT_CLASS = YES_ERROR;
				CLANG_WARN_RANGE_LOOP_ANALYSIS = YES;
				CLANG_WARN_STRICT_PROTOTYPES = YES;
				CLANG_WARN_SUSPICIOUS_MOVE = YES;
				CLANG_WARN_UNGUARDED_AVAILABILITY = YES_AGGRESSIVE;
				CLANG_WARN_UNREACHABLE_CODE = YES;
				CLANG_WARN__DUPLICATE_METHOD_MATCH = YES;
				CODE_SIGN_IDENTITY = "iPhone Developer";
				COPY_PHASE_STRIP = NO;
				DEBUG_INFORMATION_FORMAT = "dwarf-with-dsym";
				ENABLE_NS_ASSERTIONS = NO;
				ENABLE_STRICT_OBJC_MSGSEND = YES;
				GCC_C_LANGUAGE_STANDARD = gnu11;
				GCC_NO_COMMON_BLOCKS = YES;
				GCC_WARN_64_TO_32_BIT_CONVERSION = YES;
				GCC_WARN_ABOUT_RETURN_TYPE = YES_ERROR;
				GCC_WARN_UNDECLARED_SELECTOR = YES;
				GCC_WARN_UNINITIALIZED_AUTOS = YES_AGGRESSIVE;
				GCC_WARN_UNUSED_FUNCTION = YES;
				GCC_WARN_UNUSED_VARIABLE = YES;
				IPHONEOS_DEPLOYMENT_TARGET = 11.4;
				MTL_ENABLE_DEBUG_INFO = NO;
				SDKROOT = iphoneos;
				SWIFT_COMPILATION_MODE = wholemodule;
				SWIFT_OPTIMIZATION_LEVEL = "-O";
				VALIDATE_PRODUCT = YES;
			};
			name = Release;
		};
		CCD5883F20DF74C60041E972 /* Debug */ = {
			isa = XCBuildConfiguration;
			baseConfigurationReference = 5714C092CAF59D77D8A4871F /* Pods-TulingRobot.debug.xcconfig */;
			buildSettings = {
				ASSETCATALOG_COMPILER_APPICON_NAME = AppIcon;
				CODE_SIGN_STYLE = Automatic;
				DEVELOPMENT_TEAM = EH5TBWM5NC;
				INFOPLIST_FILE = TulingRobot/Info.plist;
				IPHONEOS_DEPLOYMENT_TARGET = 11.0;
				LD_RUNPATH_SEARCH_PATHS = (
					"$(inherited)",
					"@executable_path/Frameworks",
				);
				PRODUCT_BUNDLE_IDENTIFIER = demo.TulingRobot;
				PRODUCT_NAME = "$(TARGET_NAME)";
				SWIFT_VERSION = 4.0;
				TARGETED_DEVICE_FAMILY = "1,2";
			};
			name = Debug;
		};
		CCD5884020DF74C60041E972 /* Release */ = {
			isa = XCBuildConfiguration;
			baseConfigurationReference = 37DFD3DCBA59E73A79353060 /* Pods-TulingRobot.release.xcconfig */;
			buildSettings = {
				ASSETCATALOG_COMPILER_APPICON_NAME = AppIcon;
				CODE_SIGN_STYLE = Automatic;
				DEVELOPMENT_TEAM = EH5TBWM5NC;
				INFOPLIST_FILE = TulingRobot/Info.plist;
				IPHONEOS_DEPLOYMENT_TARGET = 11.0;
				LD_RUNPATH_SEARCH_PATHS = (
					"$(inherited)",
					"@executable_path/Frameworks",
				);
				PRODUCT_BUNDLE_IDENTIFIER = demo.TulingRobot;
				PRODUCT_NAME = "$(TARGET_NAME)";
				SWIFT_VERSION = 4.0;
				TARGETED_DEVICE_FAMILY = "1,2";
			};
			name = Release;
		};
/* End XCBuildConfiguration section */

/* Begin XCConfigurationList section */
		CCD5882520DF74C30041E972 /* Build configuration list for PBXProject "TulingRobot" */ = {
			isa = XCConfigurationList;
			buildConfigurations = (
				CCD5883C20DF74C60041E972 /* Debug */,
				CCD5883D20DF74C60041E972 /* Release */,
			);
			defaultConfigurationIsVisible = 0;
			defaultConfigurationName = Release;
		};
		CCD5883E20DF74C60041E972 /* Build configuration list for PBXNativeTarget "TulingRobot" */ = {
			isa = XCConfigurationList;
			buildConfigurations = (
				CCD5883F20DF74C60041E972 /* Debug */,
				CCD5884020DF74C60041E972 /* Release */,
			);
			defaultConfigurationIsVisible = 0;
			defaultConfigurationName = Release;
		};
/* End XCConfigurationList section */
	};
	rootObject = CCD5882220DF74C30041E972 /* Project object */;
}
